{
  "repos": [
    {
      "name": "teach_claude_focal",
      "url": "git@github.com:PatrikLager/teach_claude_focal.git",
      "commit": "f556f4c11309d6c8ddd8338bf6e8a9c3d12319b4"
    },
    {
      "name": "daana-cli",
      "url": "git@github.com:daana-code/daana-cli.git",
      "commit": "1b9a55be4d69597c5ac2ec375c88c07130da7513"
    }
  ]
}
