{
  "repos": [
    {
      "name": "teach_claude_focal",
      "url": "git@github.com:PatrikLager/teach_claude_focal.git",
      "commit": "280f8e457afc82bf00af864a9cdd00bae745ecc9"
    },
    {
      "name": "daana-cli",
      "url": "git@github.com:daana-code/daana-cli.git",
      "commit": "1b9a55be4d69597c5ac2ec375c88c07130da7513"
    }
  ]
}
